// !$*UTF8*$!
{
	archiveVersion = 1;
	classes = {
	};
	objectVersion = 46;
	objects = {

/* Begin PBXBuildFile section */
		EFA6EE0C1E5E7D5E00C01CA9 /* AppDelegate.swift in Sources */ = {isa = PBXBuildFile; fileRef = EFA6EE0B1E5E7D5E00C01CA9 /* AppDelegate.swift */; };
		EFA6EE0E1E5E7D5E00C01CA9 /* ViewController.swift in Sources */ = {isa = PBXBuildFile; fileRef = EFA6EE0D1E5E7D5E00C01CA9 /* ViewController.swift */; };
		EFA6EE111E5E7D5E00C01CA9 /* Main.storyboard in Resources */ = {isa = PBXBuildFile; fileRef = EFA6EE0F1E5E7D5E00C01CA9 /* Main.storyboard */; };
		EFA6EE131E5E7D5E00C01CA9 /* Assets.xcassets in Resources */ = {isa = PBXBuildFile; fileRef = EFA6EE121E5E7D5E00C01CA9 /* Assets.xcassets */; };
		EFA6EE161E5E7D5E00C01CA9 /* LaunchScreen.storyboard in Resources */ = {isa = PBXBuildFile; fileRef = EFA6EE141E5E7D5E00C01CA9 /* LaunchScreen.storyboard */; };
/* End PBXBuildFile section */

/* Begin PBXFileReference section */
		EFA6EE081E5E7D5E00C01CA9 /* HelloWord.app */ = {isa = PBXFileReference; explicitFileType = wrapper.application; includeInIndex = 0; path = HelloWord.app; sourceTree = BUILT_PRODUCTS_DIR; };
		EFA6EE0B1E5E7D5E00C01CA9 /* AppDelegate.swift */ = {isa = PBXFileReference; lastKnownFileType = sourcecode.swift; path = AppDelegate.swift; sourceTree = "<group>"; };
		EFA6EE0D1E5E7D5E00C01CA9 /* ViewController.swift */ = {isa = PBXFileReference; lastKnownFileType = sourcecode.swift; path = ViewController.swift; sourceTree = "<group>"; };
		EFA6EE101E5E7D5E00C01CA9 /* Base */ = {isa = PBXFileReference; lastKnownFileType = file.storyboard; name = Base; path = Base.lproj/Main.storyboard; sourceTree = "<group>"; };
		EFA6EE121E5E7D5E00C01CA9 /* Assets.xcassets */ = {isa = PBXFileReference; lastKnownFileType = folder.assetcatalog; path = Assets.xcassets; sourceTree = "<group>"; };
		EFA6EE151E5E7D5E00C01CA9 /* Base */ = {isa = PBXFileReference; lastKnownFileType = file.storyboard; name = Base; path = Base.lproj/LaunchScreen.storyboard; sourceTree = "<group>"; };
		EFA6EE171E5E7D5E00C01CA9 /* Info.plist */ = {isa = PBXFileReference; lastKnownFileType = text.plist.xml; path = Info.plist; sourceTree = "<group>"; };
/* End PBXFileReference section */

/* Begin PBXFrameworksBuildPhase section */
		EFA6EE051E5E7D5E00C01CA9 /* Frameworks */ = {
			isa = PBXFrameworksBuildPhase;
			buildActionMask = 2147483647;
			files = (
			);
			runOnlyForDeploymentPostprocessing = 0;
		};
/* End PBXFrameworksBuildPhase section */

/* Begin PBXGroup section */
		EFA6EDFF1E5E7D5E00C01CA9 = {
			isa = PBXGroup;
			children = (
				EFA6EE0A1E5E7D5E00C01CA9 /* HelloWord */,
				EFA6EE091E5E7D5E00C01CA9 /* Products */,
			);
			sourceTree = "<group>";
		};
		EFA6EE091E5E7D5E00C01CA9 /* Products */ = {
			isa = PBXGroup;
			children = (
				EFA6EE081E5E7D5E00C01CA9 /* HelloWord.app */,
			);
			name = Products;
			sourceTree = "<group>";
		};
		EFA6EE0A1E5E7D5E00C01CA9 /* HelloWord */ = {
			isa = PBXGroup;
			children = (
				EFA6EE0B1E5E7D5E00C01CA9 /* AppDelegate.swift */,
				EFA6EE0D1E5E7D5E00C01CA9 /* ViewController.swift */,
				EFA6EE0F1E5E7D5E00C01CA9 /* Main.storyboard */,
				EFA6EE121E5E7D5E00C01CA9 /* Assets.xcassets */,
				EFA6EE141E5E7D5E00C01CA9 /* LaunchScreen.storyboard */,
				EFA6EE171E5E7D5E00C01CA9 /* Info.plist */,
			);
			path = HelloWord;
			sourceTree = "<group>";
		};
/* End PBXGroup section */

/* Begin PBXNativeTarget section */
		EFA6EE071E5E7D5E00C01CA9 /* HelloWord */ = {
			isa = PBXNativeTarget;
			buildConfigurationList = EFA6EE1A1E5E7D5E00C01CA9 /* Build configuration list for PBXNativeTarget "HelloWord" */;
			buildPhases = (
				EFA6EE041E5E7D5E00C01CA9 /* Sources */,
				EFA6EE051E5E7D5E00C01CA9 /* Frameworks */,
				EFA6EE061E5E7D5E00C01CA9 /* Resources */,
			);
			buildRules = (
			);
			dependencies = (
			);
			name = HelloWord;
			productName = HelloWord;
			productReference = EFA6EE081E5E7D5E00C01CA9 /* HelloWord.app */;
			productType = "com.apple.product-type.application";
		};
/* End PBXNativeTarget section */

/* Begin PBXProject section */
		EFA6EE001E5E7D5E00C01CA9 /* Project object */ = {
			isa = PBXProject;
			attributes = {
				LastSwiftUpdateCheck = 0820;
				LastUpgradeCheck = 0820;
				ORGANIZATIONNAME = andyron;
				TargetAttributes = {
					EFA6EE071E5E7D5E00C01CA9 = {
						CreatedOnToolsVersion = 8.2.1;
						DevelopmentTeam = ZHNA975N38;
						ProvisioningStyle = Automatic;
					};
				};
			};
			buildConfigurationList = EFA6EE031E5E7D5E00C01CA9 /* Build configuration list for PBXProject "HelloWord" */;
			compatibilityVersion = "Xcode 3.2";
			developmentRegion = English;
			hasScannedForEncodings = 0;
			knownRegions = (
				en,
				Base,
			);
			mainGroup = EFA6EDFF1E5E7D5E00C01CA9;
			productRefGroup = EFA6EE091E5E7D5E00C01CA9 /* Products */;
			projectDirPath = "";
			projectRoot = "";
			targets = (
				EFA6EE071E5E7D5E00C01CA9 /* HelloWord */,
			);
		};
/* End PBXProject section */

/* Begin PBXResourcesBuildPhase section */
		EFA6EE061E5E7D5E00C01CA9 /* Resources */ = {
			isa = PBXResourcesBuildPhase;
			buildActionMask = 2147483647;
			files = (
				EFA6EE161E5E7D5E00C01CA9 /* LaunchScreen.storyboard in Resources */,
				EFA6EE131E5E7D5E00C01CA9 /* Assets.xcassets in Resources */,
				EFA6EE111E5E7D5E00C01CA9 /* Main.storyboard in Resources */,
			);
			runOnlyForDeploymentPostprocessing = 0;
		};
/* End PBXResourcesBuildPhase section */

/* Begin PBXSourcesBuildPhase section */
		EFA6EE041E5E7D5E00C01CA9 /* Sources */ = {
			isa = PBXSourcesBuildPhase;
			buildActionMask = 2147483647;
			files = (
				EFA6EE0E1E5E7D5E00C01CA9 /* ViewController.swift in Sources */,
				EFA6EE0C1E5E7D5E00C01CA9 /* AppDelegate.swift in Sources */,
			);
			runOnlyForDeploymentPostprocessing = 0;
		};
/* End PBXSourcesBuildPhase section */

/* Begin PBXVariantGroup section */
		EFA6EE0F1E5E7D5E00C01CA9 /* Main.storyboard */ = {
			isa = PBXVariantGroup;
			children = (
				EFA6EE101E5E7D5E00C01CA9 /* Base */,
			);
			name = Main.storyboard;
			sourceTree = "<group>";
		};
		EFA6EE141E5E7D5E00C01CA9 /* LaunchScreen.storyboard */ = {
			isa = PBXVariantGroup;
			children = (
				EFA6EE151E5E7D5E00C01CA9 /* Base */,
			);
			name = LaunchScreen.storyboard;
			sourceTree = "<group>";
		};
/* End PBXVariantGroup section */

/* Begin XCBuildConfiguration section */
		EFA6EE181E5E7D5E00C01CA9 /* Debug */ = {
			isa = XCBuildConfiguration;
			buildSettings = {
				ALWAYS_SEARCH_USER_PATHS = NO;
				CLANG_ANALYZER_NONNULL = YES;
				CLANG_CXX_LANGUAGE_STANDARD = "gnu++0x";
				CLANG_CXX_LIBRARY = "libc++";
				CLANG_ENABLE_MODULES = YES;
				CLANG_ENABLE_OBJC_ARC = YES;
				CLANG_WARN_BOOL_CONVERSION = YES;
				CLANG_WARN_CONSTANT_CONVERSION = YES;
				CLANG_WARN_DIRECT_OBJC_ISA_USAGE = YES_ERROR;
				CLANG_WARN_DOCUMENTATION_COMMENTS = YES;
				CLANG_WARN_EMPTY_BODY = YES;
				CLANG_WARN_ENUM_CONVERSION = YES;
				CLANG_WARN_INFINITE_RECURSION = YES;
				CLANG_WARN_INT_CONVERSION = YES;
				CLANG_WARN_OBJC_ROOT_CLASS = YES_ERROR;
				CLANG_WARN_SUSPICIOUS_MOVE = YES;
				CLANG_WARN_UNREACHABLE_CODE = YES;
				CLANG_WARN__DUPLICATE_METHOD_MATCH = YES;
				"CODE_SIGN_IDENTITY[sdk=iphoneos*]" = "iPhone Developer";
				COPY_PHASE_STRIP = NO;
				DEBUG_INFORMATION_FORMAT = dwarf;
				ENABLE_STRICT_OBJC_MSGSEND = YES;
				ENABLE_TESTABILITY = YES;
				GCC_C_LANGUAGE_STANDARD = gnu99;
				GCC_DYNAMIC_NO_PIC = NO;
				GCC_NO_COMMON_BLOCKS = YES;
				GCC_OPTIMIZATION_LEVEL = 0;
				GCC_PREPROCESSOR_DEFINITIONS = (
					"DEBUG=1",
					"$(inherited)",
				);
				GCC_WARN_64_TO_32_BIT_CONVERSION = YES;
				GCC_WARN_ABOUT_RETURN_TYPE = YES_ERROR;
				GCC_WARN_UNDECLARED_SELECTOR = YES;
				GCC_WARN_UNINITIALIZED_AUTOS = YES_AGGRESSIVE;
				GCC_WARN_UNUSED_FUNCTION = YES;
				GCC_WARN_UNUSED_VARIABLE = YES;
				IPHONEOS_DEPLOYMENT_TARGET = 10.2;
				MTL_ENABLE_DEBUG_INFO = YES;
				ONLY_ACTIVE_ARCH = YES;
				SDKROOT = iphoneos;
				SWIFT_ACTIVE_COMPILATION_CONDITIONS = DEBUG;
				SWIFT_OPTIMIZATION_LEVEL = "-Onone";
			};
			name = Debug;
		};
		EFA6EE191E5E7D5E00C01CA9 /* Release */ = {
			isa = XCBuildConfiguration;
			buildSettings = {
				ALWAYS_SEARCH_USER_PATHS = NO;
				CLANG_ANALYZER_NONNULL = YES;
				CLANG_CXX_LANGUAGE_STANDARD = "gnu++0x";
				CLANG_CXX_LIBRARY = "libc++";
				CLANG_ENABLE_MODULES = YES;
				CLANG_ENABLE_OBJC_ARC = YES;
				CLANG_WARN_BOOL_CONVERSION = YES;
				CLANG_WARN_CONSTANT_CONVERSION = YES;
				CLANG_WARN_DIRECT_OBJC_ISA_USAGE = YES_ERROR;
				CLANG_WARN_DOCUMENTATION_COMMENTS = YES;
				CLANG_WARN_EMPTY_BODY = YES;
				CLANG_WARN_ENUM_CONVERSION = YES;
				CLANG_WARN_INFINITE_RECURSION = YES;
				CLANG_WARN_INT_CONVERSION = YES;
				CLANG_WARN_OBJC_ROOT_CLASS = YES_ERROR;
				CLANG_WARN_SUSPICIOUS_MOVE = YES;
				CLANG_WARN_UNREACHABLE_CODE = YES;
				CLANG_WARN__DUPLICATE_METHOD_MATCH = YES;
				"CODE_SIGN_IDENTITY[sdk=iphoneos*]" = "iPhone Developer";
				COPY_PHASE_STRIP = NO;
				DEBUG_INFORMATION_FORMAT = "dwarf-with-dsym";
				ENABLE_NS_ASSERTIONS = NO;
				ENABLE_STRICT_OBJC_MSGSEND = YES;
				GCC_C_LANGUAGE_STANDARD = gnu99;
				GCC_NO_COMMON_BLOCKS = YES;
				GCC_WARN_64_TO_32_BIT_CONVERSION = YES;
				GCC_WARN_ABOUT_RETURN_TYPE = YES_ERROR;
				GCC_WARN_UNDECLARED_SELECTOR = YES;
				GCC_WARN_UNINITIALIZED_AUTOS = YES_AGGRESSIVE;
				GCC_WARN_UNUSED_FUNCTION = YES;
				GCC_WARN_UNUSED_VARIABLE = YES;
				IPHONEOS_DEPLOYMENT_TARGET = 10.2;
				MTL_ENABLE_DEBUG_INFO = NO;
				SDKROOT = iphoneos;
				SWIFT_OPTIMIZATION_LEVEL = "-Owholemodule";
				VALIDATE_PRODUCT = YES;
			};
			name = Release;
		};
		EFA6EE1B1E5E7D5E00C01CA9 /* Debug */ = {
			isa = XCBuildConfiguration;
			buildSettings = {
				ASSETCATALOG_COMPILER_APPICON_NAME = AppIcon;
				DEVELOPMENT_TEAM = ZHNA975N38;
				INFOPLIST_FILE = HelloWord/Info.plist;
				LD_RUNPATH_SEARCH_PATHS = "$(inherited) @executable_path/Frameworks";
				PRODUCT_BUNDLE_IDENTIFIER = cn.andyron.HelloWord;
				PRODUCT_NAME = "$(TARGET_NAME)";
				SWIFT_VERSION = 3.0;
			};
			name = Debug;
		};
		EFA6EE1C1E5E7D5E00C01CA9 /* Release */ = {
			isa = XCBuildConfiguration;
			buildSettings = {
				ASSETCATALOG_COMPILER_APPICON_NAME = AppIcon;
				DEVELOPMENT_TEAM = ZHNA975N38;
				INFOPLIST_FILE = HelloWord/Info.plist;
				LD_RUNPATH_SEARCH_PATHS = "$(inherited) @executable_path/Frameworks";
				PRODUCT_BUNDLE_IDENTIFIER = cn.andyron.HelloWord;
				PRODUCT_NAME = "$(TARGET_NAME)";
				SWIFT_VERSION = 3.0;
			};
			name = Release;
		};
/* End XCBuildConfiguration section */

/* Begin XCConfigurationList section */
		EFA6EE031E5E7D5E00C01CA9 /* Build configuration list for PBXProject "HelloWord" */ = {
			isa = XCConfigurationList;
			buildConfigurations = (
				EFA6EE181E5E7D5E00C01CA9 /* Debug */,
				EFA6EE191E5E7D5E00C01CA9 /* Release */,
			);
			defaultConfigurationIsVisible = 0;
			defaultConfigurationName = Release;
		};
		EFA6EE1A1E5E7D5E00C01CA9 /* Build configuration list for PBXNativeTarget "HelloWord" */ = {
			isa = XCConfigurationList;
			buildConfigurations = (
				EFA6EE1B1E5E7D5E00C01CA9 /* Debug */,
				EFA6EE1C1E5E7D5E00C01CA9 /* Release */,
			);
			defaultConfigurationIsVisible = 0;
		};
/* End XCConfigurationList section */
	};
	rootObject = EFA6EE001E5E7D5E00C01CA9 /* Project object */;
}
